
Microsoft Visual Studio Solution File, Format Version 12.00
# Visual Studio 2012
Project("{FAE04EC0-301F-11D3-BF4B-00C04F79EFBC}") = "XFDownloadProject.Android", "XFDownloadProject.Android\XFDownloadProject.Android.csproj", "{F99DDD53-4D19-4D45-B672-DC0B8A8D790D}"
EndProject
Project("{FAE04EC0-301F-11D3-BF4B-00C04F79EFBC}") = "XFDownloadProject.iOS", "XFDownloadProject.iOS\XFDownloadProject.iOS.csproj", "{9871EC6C-DFB5-43CD-AF8B-32ABA99A9E10}"
EndProject
Project("{FAE04EC0-301F-11D3-BF4B-00C04F79EFBC}") = "XFDownloadProject", "XFDownloadProject\XFDownloadProject.csproj", "{DCD8CF7E-100B-421C-8476-43B86846E776}"
EndProject
Project("{FAE04EC0-301F-11D3-BF4B-00C04F79EFBC}") = "XFDownloadProject.Forms", "XFDownloadProject.Forms\XFDownloadProject.Forms.csproj", "{8D3CC420-C0AD-4CA4-9F0C-411E2F7D0CE4}"
EndProject
Global
	GlobalSection(SolutionConfigurationPlatforms) = preSolution
		Debug|Any CPU = Debug|Any CPU
		Release|Any CPU = Release|Any CPU
		Debug|iPhoneSimulator = Debug|iPhoneSimulator
		Release|iPhoneSimulator = Release|iPhoneSimulator
		Debug|iPhone = Debug|iPhone
		Release|iPhone = Release|iPhone
		Ad-Hoc|iPhone = Ad-Hoc|iPhone
		AppStore|iPhone = AppStore|iPhone
	EndGlobalSection
	GlobalSection(ProjectConfigurationPlatforms) = postSolution
		{F99DDD53-4D19-4D45-B672-DC0B8A8D790D}.Debug|Any CPU.ActiveCfg = Debug|Any CPU
		{F99DDD53-4D19-4D45-B672-DC0B8A8D790D}.Debug|Any CPU.Build.0 = Debug|Any CPU
		{F99DDD53-4D19-4D45-B672-DC0B8A8D790D}.Release|Any CPU.ActiveCfg = Release|Any CPU
		{F99DDD53-4D19-4D45-B672-DC0B8A8D790D}.Release|Any CPU.Build.0 = Release|Any CPU
		{F99DDD53-4D19-4D45-B672-DC0B8A8D790D}.Debug|iPhoneSimulator.ActiveCfg = Debug|Any CPU
		{F99DDD53-4D19-4D45-B672-DC0B8A8D790D}.Debug|iPhoneSimulator.Build.0 = Debug|Any CPU
		{F99DDD53-4D19-4D45-B672-DC0B8A8D790D}.Release|iPhoneSimulator.ActiveCfg = Release|Any CPU
		{F99DDD53-4D19-4D45-B672-DC0B8A8D790D}.Release|iPhoneSimulator.Build.0 = Release|Any CPU
		{F99DDD53-4D19-4D45-B672-DC0B8A8D790D}.Debug|iPhone.ActiveCfg = Debug|Any CPU
		{F99DDD53-4D19-4D45-B672-DC0B8A8D790D}.Debug|iPhone.Build.0 = Debug|Any CPU
		{F99DDD53-4D19-4D45-B672-DC0B8A8D790D}.Release|iPhone.ActiveCfg = Release|Any CPU
		{F99DDD53-4D19-4D45-B672-DC0B8A8D790D}.Release|iPhone.Build.0 = Release|Any CPU
		{F99DDD53-4D19-4D45-B672-DC0B8A8D790D}.Ad-Hoc|iPhone.ActiveCfg = Debug|Any CPU
		{F99DDD53-4D19-4D45-B672-DC0B8A8D790D}.Ad-Hoc|iPhone.Build.0 = Debug|Any CPU
		{F99DDD53-4D19-4D45-B672-DC0B8A8D790D}.AppStore|iPhone.ActiveCfg = Debug|Any CPU
		{F99DDD53-4D19-4D45-B672-DC0B8A8D790D}.AppStore|iPhone.Build.0 = Debug|Any CPU
		{9871EC6C-DFB5-43CD-AF8B-32ABA99A9E10}.Debug|Any CPU.ActiveCfg = Debug|iPhoneSimulator
		{9871EC6C-DFB5-43CD-AF8B-32ABA99A9E10}.Debug|Any CPU.Build.0 = Debug|iPhoneSimulator
		{9871EC6C-DFB5-43CD-AF8B-32ABA99A9E10}.Release|Any CPU.ActiveCfg = Release|iPhoneSimulator
		{9871EC6C-DFB5-43CD-AF8B-32ABA99A9E10}.Release|Any CPU.Build.0 = Release|iPhoneSimulator
		{9871EC6C-DFB5-43CD-AF8B-32ABA99A9E10}.Debug|iPhoneSimulator.ActiveCfg = Debug|iPhoneSimulator
		{9871EC6C-DFB5-43CD-AF8B-32ABA99A9E10}.Debug|iPhoneSimulator.Build.0 = Debug|iPhoneSimulator
		{9871EC6C-DFB5-43CD-AF8B-32ABA99A9E10}.Release|iPhoneSimulator.ActiveCfg = Release|iPhoneSimulator
		{9871EC6C-DFB5-43CD-AF8B-32ABA99A9E10}.Release|iPhoneSimulator.Build.0 = Release|iPhoneSimulator
		{9871EC6C-DFB5-43CD-AF8B-32ABA99A9E10}.Debug|iPhone.ActiveCfg = Debug|iPhone
		{9871EC6C-DFB5-43CD-AF8B-32ABA99A9E10}.Debug|iPhone.Build.0 = Debug|iPhone
		{9871EC6C-DFB5-43CD-AF8B-32ABA99A9E10}.Release|iPhone.ActiveCfg = Release|iPhone
		{9871EC6C-DFB5-43CD-AF8B-32ABA99A9E10}.Release|iPhone.Build.0 = Release|iPhone
		{9871EC6C-DFB5-43CD-AF8B-32ABA99A9E10}.Ad-Hoc|iPhone.ActiveCfg = Ad-Hoc|iPhone
		{9871EC6C-DFB5-43CD-AF8B-32ABA99A9E10}.Ad-Hoc|iPhone.Build.0 = Ad-Hoc|iPhone
		{9871EC6C-DFB5-43CD-AF8B-32ABA99A9E10}.AppStore|iPhone.ActiveCfg = AppStore|iPhone
		{9871EC6C-DFB5-43CD-AF8B-32ABA99A9E10}.AppStore|iPhone.Build.0 = AppStore|iPhone
		{DCD8CF7E-100B-421C-8476-43B86846E776}.Debug|Any CPU.ActiveCfg = Debug|Any CPU
		{DCD8CF7E-100B-421C-8476-43B86846E776}.Debug|Any CPU.Build.0 = Debug|Any CPU
		{DCD8CF7E-100B-421C-8476-43B86846E776}.Release|Any CPU.ActiveCfg = Release|Any CPU
		{DCD8CF7E-100B-421C-8476-43B86846E776}.Release|Any CPU.Build.0 = Release|Any CPU
		{DCD8CF7E-100B-421C-8476-43B86846E776}.Debug|iPhoneSimulator.ActiveCfg = Debug|Any CPU
		{DCD8CF7E-100B-421C-8476-43B86846E776}.Debug|iPhoneSimulator.Build.0 = Debug|Any CPU
		{DCD8CF7E-100B-421C-8476-43B86846E776}.Release|iPhoneSimulator.ActiveCfg = Release|Any CPU
		{DCD8CF7E-100B-421C-8476-43B86846E776}.Release|iPhoneSimulator.Build.0 = Release|Any CPU
		{DCD8CF7E-100B-421C-8476-43B86846E776}.Debug|iPhone.ActiveCfg = Debug|Any CPU
		{DCD8CF7E-100B-421C-8476-43B86846E776}.Debug|iPhone.Build.0 = Debug|Any CPU
		{DCD8CF7E-100B-421C-8476-43B86846E776}.Release|iPhone.ActiveCfg = Release|Any CPU
		{DCD8CF7E-100B-421C-8476-43B86846E776}.Release|iPhone.Build.0 = Release|Any CPU
		{DCD8CF7E-100B-421C-8476-43B86846E776}.Ad-Hoc|iPhone.ActiveCfg = Debug|Any CPU
		{DCD8CF7E-100B-421C-8476-43B86846E776}.Ad-Hoc|iPhone.Build.0 = Debug|Any CPU
		{DCD8CF7E-100B-421C-8476-43B86846E776}.AppStore|iPhone.ActiveCfg = Debug|Any CPU
		{DCD8CF7E-100B-421C-8476-43B86846E776}.AppStore|iPhone.Build.0 = Debug|Any CPU
		{8D3CC420-C0AD-4CA4-9F0C-411E2F7D0CE4}.Debug|Any CPU.ActiveCfg = Debug|Any CPU
		{8D3CC420-C0AD-4CA4-9F0C-411E2F7D0CE4}.Debug|Any CPU.Build.0 = Debug|Any CPU
		{8D3CC420-C0AD-4CA4-9F0C-411E2F7D0CE4}.Release|Any CPU.ActiveCfg = Release|Any CPU
		{8D3CC420-C0AD-4CA4-9F0C-411E2F7D0CE4}.Release|Any CPU.Build.0 = Release|Any CPU
		{8D3CC420-C0AD-4CA4-9F0C-411E2F7D0CE4}.Debug|iPhoneSimulator.ActiveCfg = Debug|Any CPU
		{8D3CC420-C0AD-4CA4-9F0C-411E2F7D0CE4}.Debug|iPhoneSimulator.Build.0 = Debug|Any CPU
		{8D3CC420-C0AD-4CA4-9F0C-411E2F7D0CE4}.Release|iPhoneSimulator.ActiveCfg = Release|Any CPU
		{8D3CC420-C0AD-4CA4-9F0C-411E2F7D0CE4}.Release|iPhoneSimulator.Build.0 = Release|Any CPU
		{8D3CC420-C0AD-4CA4-9F0C-411E2F7D0CE4}.Debug|iPhone.ActiveCfg = Debug|Any CPU
		{8D3CC420-C0AD-4CA4-9F0C-411E2F7D0CE4}.Debug|iPhone.Build.0 = Debug|Any CPU
		{8D3CC420-C0AD-4CA4-9F0C-411E2F7D0CE4}.Release|iPhone.ActiveCfg = Release|Any CPU
		{8D3CC420-C0AD-4CA4-9F0C-411E2F7D0CE4}.Release|iPhone.Build.0 = Release|Any CPU
		{8D3CC420-C0AD-4CA4-9F0C-411E2F7D0CE4}.Ad-Hoc|iPhone.ActiveCfg = Debug|Any CPU
		{8D3CC420-C0AD-4CA4-9F0C-411E2F7D0CE4}.Ad-Hoc|iPhone.Build.0 = Debug|Any CPU
		{8D3CC420-C0AD-4CA4-9F0C-411E2F7D0CE4}.AppStore|iPhone.ActiveCfg = Debug|Any CPU
		{8D3CC420-C0AD-4CA4-9F0C-411E2F7D0CE4}.AppStore|iPhone.Build.0 = Debug|Any CPU
	EndGlobalSection
EndGlobal
